
Microsoft Visual Studio Solution File, Format Version 12.00
# Visual Studio Version 17
VisualStudioVersion = 17.0.32014.148
MinimumVisualStudioVersion = 10.0.40219.1
Project("{FAE04EC0-301F-11D3-BF4B-00C04F79EFBC}") = "ClothBazar.Entities", "ClothBazar.Entities\ClothBazar.Entities.csproj", "{472AED7D-B4AA-429A-8546-75EAFC67FF13}"
EndProject
Project("{FAE04EC0-301F-11D3-BF4B-00C04F79EFBC}") = "ClothBazar.database", "ClothBazar.database\ClothBazar.database.csproj", "{DF4B162A-A0C3-4DC4-8DBC-4014C98BC2D8}"
EndProject
Project("{FAE04EC0-301F-11D3-BF4B-00C04F79EFBC}") = "ClothBazar.Web", "ClothBazar.Web\ClothBazar.Web.csproj", "{D3EDFE29-9AA3-46B1-A0EA-DCD37537C5B8}"
EndProject
Project("{FAE04EC0-301F-11D3-BF4B-00C04F79EFBC}") = "ClothBazar.Services", "ClothBazar.Services\ClothBazar.Services.csproj", "{19D8FEFD-ED00-4237-8255-08A4FBBA21BC}"
EndProject
Global
	GlobalSection(SolutionConfigurationPlatforms) = preSolution
		Debug|Any CPU = Debug|Any CPU
		Release|Any CPU = Release|Any CPU
	EndGlobalSection
	GlobalSection(ProjectConfigurationPlatforms) = postSolution
		{472AED7D-B4AA-429A-8546-75EAFC67FF13}.Debug|Any CPU.ActiveCfg = Debug|Any CPU
		{472AED7D-B4AA-429A-8546-75EAFC67FF13}.Debug|Any CPU.Build.0 = Debug|Any CPU
		{472AED7D-B4AA-429A-8546-75EAFC67FF13}.Release|Any CPU.ActiveCfg = Release|Any CPU
		{472AED7D-B4AA-429A-8546-75EAFC67FF13}.Release|Any CPU.Build.0 = Release|Any CPU
		{DF4B162A-A0C3-4DC4-8DBC-4014C98BC2D8}.Debug|Any CPU.ActiveCfg = Debug|Any CPU
		{DF4B162A-A0C3-4DC4-8DBC-4014C98BC2D8}.Debug|Any CPU.Build.0 = Debug|Any CPU
		{DF4B162A-A0C3-4DC4-8DBC-4014C98BC2D8}.Release|Any CPU.ActiveCfg = Release|Any CPU
		{DF4B162A-A0C3-4DC4-8DBC-4014C98BC2D8}.Release|Any CPU.Build.0 = Release|Any CPU
		{D3EDFE29-9AA3-46B1-A0EA-DCD37537C5B8}.Debug|Any CPU.ActiveCfg = Debug|Any CPU
		{D3EDFE29-9AA3-46B1-A0EA-DCD37537C5B8}.Debug|Any CPU.Build.0 = Debug|Any CPU
		{D3EDFE29-9AA3-46B1-A0EA-DCD37537C5B8}.Release|Any CPU.ActiveCfg = Release|Any CPU
		{D3EDFE29-9AA3-46B1-A0EA-DCD37537C5B8}.Release|Any CPU.Build.0 = Release|Any CPU
		{19D8FEFD-ED00-4237-8255-08A4FBBA21BC}.Debug|Any CPU.ActiveCfg = Debug|Any CPU
		{19D8FEFD-ED00-4237-8255-08A4FBBA21BC}.Debug|Any CPU.Build.0 = Debug|Any CPU
		{19D8FEFD-ED00-4237-8255-08A4FBBA21BC}.Release|Any CPU.ActiveCfg = Release|Any CPU
		{19D8FEFD-ED00-4237-8255-08A4FBBA21BC}.Release|Any CPU.Build.0 = Release|Any CPU
	EndGlobalSection
	GlobalSection(SolutionProperties) = preSolution
		HideSolutionNode = FALSE
	EndGlobalSection
	GlobalSection(ExtensibilityGlobals) = postSolution
		SolutionGuid = {E2E6FCCD-1C8B-494F-9FFD-E69212E8059B}
	EndGlobalSection
EndGlobal
